
Microsoft Visual Studio Solution File, Format Version 12.00
# Visual Studio Version 16
VisualStudioVersion = 16.0.29230.47
MinimumVisualStudioVersion = 10.0.40219.1
Project("{FAE04EC0-301F-11D3-BF4B-00C04F79EFBC}") = "первая задача лол", "первая задача лол\первая задача лол.csproj", "{6A9328CA-15F2-4684-9D9E-E398CEDD9000}"
EndProject
Global
	GlobalSection(SolutionConfigurationPlatforms) = preSolution
		Debug|Any CPU = Debug|Any CPU
		Release|Any CPU = Release|Any CPU
	EndGlobalSection
	GlobalSection(ProjectConfigurationPlatforms) = postSolution
		{6A9328CA-15F2-4684-9D9E-E398CEDD9000}.Debug|Any CPU.ActiveCfg = Debug|Any CPU
		{6A9328CA-15F2-4684-9D9E-E398CEDD9000}.Debug|Any CPU.Build.0 = Debug|Any CPU
		{6A9328CA-15F2-4684-9D9E-E398CEDD9000}.Release|Any CPU.ActiveCfg = Release|Any CPU
		{6A9328CA-15F2-4684-9D9E-E398CEDD9000}.Release|Any CPU.Build.0 = Release|Any CPU
	EndGlobalSection
	GlobalSection(SolutionProperties) = preSolution
		HideSolutionNode = FALSE
	EndGlobalSection
	GlobalSection(ExtensibilityGlobals) = postSolution
		SolutionGuid = {4F4A021C-2F26-43CC-8D06-3CA5972573E3}
	EndGlobalSection
EndGlobal
